
Microsoft Visual Studio Solution File, Format Version 12.00
Project("{FAE04EC0-301F-11D3-BF4B-00C04F79EFBC}") = "Day02", "Day02.csproj", "{99D04E36-C56B-479F-9468-9147EAF09DFE}"
EndProject
Global
	GlobalSection(SolutionConfigurationPlatforms) = preSolution
		Debug|Any CPU = Debug|Any CPU
		Release|Any CPU = Release|Any CPU
	EndGlobalSection
	GlobalSection(ProjectConfigurationPlatforms) = postSolution
		{99D04E36-C56B-479F-9468-9147EAF09DFE}.Debug|Any CPU.ActiveCfg = Debug|Any CPU
		{99D04E36-C56B-479F-9468-9147EAF09DFE}.Debug|Any CPU.Build.0 = Debug|Any CPU
		{99D04E36-C56B-479F-9468-9147EAF09DFE}.Release|Any CPU.ActiveCfg = Release|Any CPU
		{99D04E36-C56B-479F-9468-9147EAF09DFE}.Release|Any CPU.Build.0 = Release|Any CPU
	EndGlobalSection
EndGlobal
